<?xml version="1.0" encoding="utf-8"?>
<Project ToolsVersion="4.0" xmlns="http://schemas.microsoft.com/developer/msbuild/2003">
  <ItemGroup>
    <Filter Include="Source Files">
      <UniqueIdentifier>{4FC737F1-C7A5-4376-A066-2A32D752A2FF}</UniqueIdentifier>
      <Extensions>cpp;c;cc;cxx;def;odl;idl;hpj;bat;asm;asmx</Extensions>
    </Filter>
    <Filter Include="Header Files">
      <UniqueIdentifier>{93995380-89BD-4b04-88EB-625FBE52EBFB}</UniqueIdentifier>
      <Extensions>h;hpp;hxx;hm;inl;inc;xsd</Extensions>
    </Filter>
    <Filter Include="Resource Files">
      <UniqueIdentifier>{67DA6AB6-F800-4c08-8B7A-83BB121AAD01}</UniqueIdentifier>
      <Extensions>rc;ico;cur;bmp;dlg;rc2;rct;bin;rgs;gif;jpg;jpeg;jpe;resx;tiff;tif;png;wav;mfcribbon-ms</Extensions>
    </Filter>
    <Filter Include="Header Files\utils">
      <UniqueIdentifier>{cb1418c6-3adb-47d9-bba0-2f71cd850439}</UniqueIdentifier>
    </Filter>
    <Filter Include="Source Files\utils">
      <UniqueIdentifier>{f89f6dc6-4705-4589-9373-ffe541bf7ce6}</UniqueIdentifier>
    </Filter>
    <Filter Include="Header Files\renderer">
      <UniqueIdentifier>{a6b20eac-87f7-479d-9e54-60659c00f28a}</UniqueIdentifier>
    </Filter>
    <Filter Include="Source Files\renderer">
      <UniqueIdentifier>{1c112c8d-5223-46b5-abe9-57f506a5d438}</UniqueIdentifier>
    </Filter>
    <Filter Include="Header Files\renderer\imp">
      <UniqueIdentifier>{b68a0baf-c82a-4e00-8eb1-66624297649d}</UniqueIdentifier>
    </Filter>
    <Filter Include="Header Files\renderer\imp\directx11">
      <UniqueIdentifier>{89403dcb-4ef9-408f-80ac-8ad5656a7811}</UniqueIdentifier>
    </Filter>
    <Filter Include="Source Files\renderer\imp">
      <UniqueIdentifier>{a33bbf8d-1137-4c4e-9964-c51a0976fb65}</UniqueIdentifier>
    </Filter>
    <Filter Include="Source Files\renderer\imp\directx11">
      <UniqueIdentifier>{1677b365-0542-41ab-ad7b-f4adbdf5ff72}</UniqueIdentifier>
    </Filter>
    <Filter Include="Header Files\input">
      <UniqueIdentifier>{6fb4490d-0459-49f0-957a-8ec8ef818623}</UniqueIdentifier>
    </Filter>
    <Filter Include="Source Files\input">
      <UniqueIdentifier>{f3789f60-7786-408c-a68b-8a2ffcdbb6ff}</UniqueIdentifier>
    </Filter>
    <Filter Include="Source Files\engine_program_imp">
      <UniqueIdentifier>{87b671f2-09cd-4b75-837e-8eb00b2aa498}</UniqueIdentifier>
    </Filter>
    <Filter Include="Source Files\generate">
      <UniqueIdentifier>{fad1adad-4b4f-4207-a928-504621c6214a}</UniqueIdentifier>
    </Filter>
    <Filter Include="Header Files\renderer\imp\directx11\pipeline_stage">
      <UniqueIdentifier>{5b7a2c74-a6cc-43cc-8216-15bca7b37185}</UniqueIdentifier>
    </Filter>
  </ItemGroup>
  <ItemGroup>
    <ClInclude Include="src\utils\s2string.h">
      <Filter>Header Files\utils</Filter>
    </ClInclude>
    <ClInclude Include="src\utils\singleton.h">
      <Filter>Header Files\utils</Filter>
    </ClInclude>
    <ClInclude Include="src\utils\type_info.h">
      <Filter>Header Files\utils</Filter>
    </ClInclude>
    <ClInclude Include="src\utils\type_info_bind.h">
      <Filter>Header Files\utils</Filter>
    </ClInclude>
    <ClInclude Include="src\utils\type_info_helper.h">
      <Filter>Header Files\utils</Filter>
    </ClInclude>
    <ClInclude Include="src\renderer\constant_buffer.h">
      <Filter>Header Files\renderer</Filter>
    </ClInclude>
    <ClInclude Include="src\renderer\mapped_resource.h">
      <Filter>Header Files\renderer</Filter>
    </ClInclude>
    <ClInclude Include="src\engine.h">
      <Filter>Header Files</Filter>
    </ClInclude>
    <ClInclude Include="src\engine_program.h">
      <Filter>Header Files</Filter>
    </ClInclude>
    <ClInclude Include="src\renderer\imp\directx11\pipeline_stage\d3d11_input_stage.h">
      <Filter>Header Files\renderer\imp\directx11\pipeline_stage</Filter>
    </ClInclude>
    <ClInclude Include="src\renderer\imp\directx11\pipeline_stage\d3d11_output_stage.h">
      <Filter>Header Files\renderer\imp\directx11\pipeline_stage</Filter>
    </ClInclude>
    <ClInclude Include="src\asset\model.h">
      <Filter>Header Files</Filter>
    </ClInclude>
    <ClInclude Include="src\scene\camera.h">
      <Filter>Header Files</Filter>
    </ClInclude>
    <ClInclude Include="src\utils\matrix4x4.h">
      <Filter>Header Files</Filter>
    </ClInclude>
    <ClInclude Include="src\utils\vector3.h">
      <Filter>Header Files</Filter>
    </ClInclude>
    <ClInclude Include="src\asset\pixel_map.h">
      <Filter>Header Files</Filter>
    </ClInclude>
    <ClInclude Include="src\asset\asset_path.h">
      <Filter>Header Files</Filter>
    </ClInclude>
    <ClInclude Include="src\utils\non_copyable.h">
      <Filter>Header Files</Filter>
    </ClInclude>
    <ClInclude Include="src\input\input_system.h">
      <Filter>Header Files</Filter>
    </ClInclude>
    <ClInclude Include="src\entity\component.h">
      <Filter>Header Files</Filter>
    </ClInclude>
    <ClInclude Include="src\entity\entity.h">
      <Filter>Header Files</Filter>
    </ClInclude>
    <ClInclude Include="src\entity\transform.h">
      <Filter>Header Files</Filter>
    </ClInclude>
    <ClInclude Include="src\ui\button.h">
      <Filter>Header Files</Filter>
    </ClInclude>
    <ClInclude Include="src\utils\vector4.h">
      <Filter>Header Files</Filter>
    </ClInclude>
    <ClInclude Include="src\graphics\renderer\imp\directx11\d3d11_buffer.h">
      <Filter>Header Files</Filter>
    </ClInclude>
    <ClInclude Include="src\graphics\renderer\imp\directx11\d3d11_constant_buffer.h">
      <Filter>Header Files\renderer\imp\directx11</Filter>
    </ClInclude>
    <ClInclude Include="src\graphics\renderer\imp\directx11\d3d11_context.h">
      <Filter>Header Files\renderer\imp\directx11</Filter>
    </ClInclude>
    <ClInclude Include="src\graphics\renderer\imp\directx11\d3d11_drawing_state.h">
      <Filter>Header Files</Filter>
    </ClInclude>
    <ClInclude Include="src\graphics\renderer\imp\directx11\d3d11_enum_converter.h">
      <Filter>Header Files\renderer\imp\directx11</Filter>
    </ClInclude>
    <ClInclude Include="src\graphics\renderer\imp\directx11\d3d11_geometry_shader.h">
      <Filter>Header Files</Filter>
    </ClInclude>
    <ClInclude Include="src\graphics\renderer\imp\directx11\d3d11_graphic_pipeline.h">
      <Filter>Header Files\renderer\imp\directx11</Filter>
    </ClInclude>
    <ClInclude Include="src\graphics\renderer\imp\directx11\d3d11_graphic_resource_manager.h">
      <Filter>Header Files\renderer\imp\directx11</Filter>
    </ClInclude>
    <ClInclude Include="src\graphics\renderer\imp\directx11\d3d11_input_stage.h">
      <Filter>Header Files</Filter>
    </ClInclude>
    <ClInclude Include="src\graphics\renderer\imp\directx11\d3d11_mapped_resource.h">
      <Filter>Header Files</Filter>
    </ClInclude>
    <ClInclude Include="src\graphics\renderer\imp\directx11\d3d11_output_stage.h">
      <Filter>Header Files</Filter>
    </ClInclude>
    <ClInclude Include="src\graphics\renderer\imp\directx11\d3d11_pixel_shader.h">
      <Filter>Header Files\renderer\imp\directx11</Filter>
    </ClInclude>
    <ClInclude Include="src\graphics\renderer\imp\directx11\d3d11_resource_helper.h">
      <Filter>Header Files</Filter>
    </ClInclude>
    <ClInclude Include="src\graphics\renderer\imp\directx11\d3d11_resource_view.h">
      <Filter>Header Files</Filter>
    </ClInclude>
    <ClInclude Include="src\graphics\renderer\imp\directx11\d3d11_sampler.h">
      <Filter>Header Files</Filter>
    </ClInclude>
    <ClInclude Include="src\graphics\renderer\imp\directx11\d3d11_shader_helper.h">
      <Filter>Header Files</Filter>
    </ClInclude>
    <ClInclude Include="src\graphics\renderer\imp\directx11\d3d11_shader_reflection.h">
      <Filter>Header Files\renderer\imp\directx11</Filter>
    </ClInclude>
    <ClInclude Include="src\graphics\renderer\imp\directx11\d3d11_texture2d.h">
      <Filter>Header Files\renderer\imp\directx11</Filter>
    </ClInclude>
    <ClInclude Include="src\graphics\renderer\imp\directx11\d3d11_vertex_shader.h">
      <Filter>Header Files\renderer\imp\directx11</Filter>
    </ClInclude>
    <ClInclude Include="src\graphics\renderer\imp\directx11\shader_typeinfo_manager.h">
      <Filter>Header Files\renderer\imp\directx11</Filter>
    </ClInclude>
    <ClInclude Include="src\graphics\renderer\imp\directx11\video_card_info.h">
      <Filter>Header Files\renderer\imp\directx11</Filter>
    </ClInclude>
    <ClInclude Include="src\graphics\renderer\all.h">
      <Filter>Header Files</Filter>
    </ClInclude>
    <ClInclude Include="src\graphics\renderer\blend_option.h">
      <Filter>Header Files\renderer</Filter>
    </ClInclude>
    <ClInclude Include="src\graphics\renderer\buffer.h">
      <Filter>Header Files</Filter>
    </ClInclude>
    <ClInclude Include="src\graphics\renderer\depth_stencil_option.h">
      <Filter>Header Files\renderer</Filter>
    </ClInclude>
    <ClInclude Include="src\graphics\renderer\drawing_state.h">
      <Filter>Header Files</Filter>
    </ClInclude>
    <ClInclude Include="src\graphics\renderer\geometry_shader.h">
      <Filter>Header Files</Filter>
    </ClInclude>
    <ClInclude Include="src\graphics\renderer\graphic_pipeline.h">
      <Filter>Header Files\renderer</Filter>
    </ClInclude>
    <ClInclude Include="src\graphics\renderer\graphic_resource_manager.h">
      <Filter>Header Files\renderer</Filter>
    </ClInclude>
    <ClInclude Include="src\graphics\renderer\pixel_shader.h">
      <Filter>Header Files\renderer</Filter>
    </ClInclude>
    <ClInclude Include="src\graphics\renderer\rasterization_option.h">
      <Filter>Header Files\renderer</Filter>
    </ClInclude>
    <ClInclude Include="src\graphics\renderer\renderer_context.h">
      <Filter>Header Files\renderer</Filter>
    </ClInclude>
    <ClInclude Include="src\graphics\renderer\renderer_enum.h">
      <Filter>Header Files</Filter>
    </ClInclude>
    <ClInclude Include="src\graphics\renderer\resource.h">
      <Filter>Header Files\renderer</Filter>
    </ClInclude>
    <ClInclude Include="src\graphics\renderer\resource_view.h">
      <Filter>Header Files</Filter>
    </ClInclude>
    <ClInclude Include="src\graphics\renderer\sampler.h">
      <Filter>Header Files\renderer</Filter>
    </ClInclude>
    <ClInclude Include="src\graphics\renderer\texture_enum.h">
      <Filter>Header Files\renderer</Filter>
    </ClInclude>
    <ClInclude Include="src\graphics\renderer\texture1d.h">
      <Filter>Header Files\renderer</Filter>
    </ClInclude>
    <ClInclude Include="src\graphics\renderer\texture2d.h">
      <Filter>Header Files\renderer</Filter>
    </ClInclude>
    <ClInclude Include="src\graphics\renderer\texture3d.h">
      <Filter>Header Files\renderer</Filter>
    </ClInclude>
    <ClInclude Include="src\graphics\renderer\vertex_shader.h">
      <Filter>Header Files\renderer</Filter>
    </ClInclude>
    <ClInclude Include="src\graphics\sprite.h">
      <Filter>Header Files</Filter>
    </ClInclude>
    <ClInclude Include="src\graphics\sprite_system.h">
      <Filter>Header Files</Filter>
    </ClInclude>
    <ClInclude Include="src\engine_program_imp\render_to_target_demo.h">
      <Filter>Header Files</Filter>
    </ClInclude>
    <ClInclude Include="src\engine_program_imp\instancing_demo.h">
      <Filter>Header Files</Filter>
    </ClInclude>
    <ClInclude Include="src\entity\entity_system.h">
      <Filter>Header Files</Filter>
    </ClInclude>
    <ClInclude Include="src\graphics\text.h">
      <Filter>Header Files</Filter>
    </ClInclude>
    <ClInclude Include="src\graphics\text_system.h">
      <Filter>Header Files</Filter>
    </ClInclude>
  </ItemGroup>
  <ItemGroup>
    <ClCompile Include="src\utils\type_info.cpp">
      <Filter>Source Files\utils</Filter>
    </ClCompile>
    <ClCompile Include="src\engine.cpp">
      <Filter>Source Files</Filter>
    </ClCompile>
    <ClCompile Include="src\main.cpp">
      <Filter>Source Files</Filter>
    </ClCompile>
    <ClCompile Include="src\engine_program.cpp">
      <Filter>Source Files</Filter>
    </ClCompile>
    <ClCompile Include="src\utils\s2string.cpp">
      <Filter>Source Files\utils</Filter>
    </ClCompile>
    <ClCompile Include="src\asset\model.cpp">
      <Filter>Source Files</Filter>
    </ClCompile>
    <ClCompile Include="src\scene\camera.cpp">
      <Filter>Source Files</Filter>
    </ClCompile>
    <ClCompile Include="src\utils\matrix4x4.cpp">
      <Filter>Source Files</Filter>
    </ClCompile>
    <ClCompile Include="src\utils\vector3.cpp">
      <Filter>Source Files</Filter>
    </ClCompile>
    <ClCompile Include="src\asset\pixel_map.cpp">
      <Filter>Source Files</Filter>
    </ClCompile>
    <ClCompile Include="src\engine_program_imp\geometry_shader_demo.cpp">
      <Filter>Source Files</Filter>
    </ClCompile>
    <ClCompile Include="src\engine_program_imp\instancing_demo.cpp">
      <Filter>Source Files</Filter>
    </ClCompile>
    <ClCompile Include="src\engine_program_imp\render_to_target_demo.cpp">
      <Filter>Source Files\engine_program_imp</Filter>
    </ClCompile>
    <ClCompile Include="src\engine_program_imp\stream_out_demo.cpp">
      <Filter>Source Files</Filter>
    </ClCompile>
    <ClCompile Include="src\input\input_system.cpp">
      <Filter>Source Files</Filter>
    </ClCompile>
    <ClCompile Include="src\entity\entity.cpp">
      <Filter>Source Files</Filter>
    </ClCompile>
    <ClCompile Include="src\entity\transform.cpp">
      <Filter>Source Files</Filter>
    </ClCompile>
    <ClCompile Include="src\ui\button.cpp">
      <Filter>Source Files</Filter>
    </ClCompile>
    <ClCompile Include="src\utils\vector4.cpp">
      <Filter>Source Files</Filter>
    </ClCompile>
    <ClCompile Include="src\graphics\renderer\imp\directx11\d3d11_buffer.cpp">
      <Filter>Source Files</Filter>
    </ClCompile>
    <ClCompile Include="src\graphics\renderer\imp\directx11\d3d11_constant_buffer.cpp">
      <Filter>Source Files\renderer\imp\directx11</Filter>
    </ClCompile>
    <ClCompile Include="src\graphics\renderer\imp\directx11\d3d11_context.cpp">
      <Filter>Source Files\renderer\imp\directx11</Filter>
    </ClCompile>
    <ClCompile Include="src\graphics\renderer\imp\directx11\d3d11_drawing_state.cpp">
      <Filter>Source Files</Filter>
    </ClCompile>
    <ClCompile Include="src\graphics\renderer\imp\directx11\d3d11_enum_converter.cpp">
      <Filter>Source Files\renderer\imp\directx11</Filter>
    </ClCompile>
    <ClCompile Include="src\graphics\renderer\imp\directx11\d3d11_geometry_shader.cpp">
      <Filter>Source Files</Filter>
    </ClCompile>
    <ClCompile Include="src\graphics\renderer\imp\directx11\d3d11_graphic_pipeline.cpp">
      <Filter>Source Files\renderer\imp\directx11</Filter>
    </ClCompile>
    <ClCompile Include="src\graphics\renderer\imp\directx11\d3d11_graphic_resource_manager.cpp">
      <Filter>Source Files\renderer\imp\directx11</Filter>
    </ClCompile>
    <ClCompile Include="src\graphics\renderer\imp\directx11\d3d11_input_stage.cpp">
      <Filter>Source Files</Filter>
    </ClCompile>
    <ClCompile Include="src\graphics\renderer\imp\directx11\d3d11_mapped_resource.cpp">
      <Filter>Source Files</Filter>
    </ClCompile>
    <ClCompile Include="src\graphics\renderer\imp\directx11\d3d11_output_stage.cpp">
      <Filter>Source Files</Filter>
    </ClCompile>
    <ClCompile Include="src\graphics\renderer\imp\directx11\d3d11_pixel_shader.cpp">
      <Filter>Source Files\renderer\imp\directx11</Filter>
    </ClCompile>
    <ClCompile Include="src\graphics\renderer\imp\directx11\d3d11_resource_helper.cpp">
      <Filter>Source Files</Filter>
    </ClCompile>
    <ClCompile Include="src\graphics\renderer\imp\directx11\d3d11_resource_view.cpp">
      <Filter>Source Files</Filter>
    </ClCompile>
    <ClCompile Include="src\graphics\renderer\imp\directx11\d3d11_sampler.cpp">
      <Filter>Source Files</Filter>
    </ClCompile>
    <ClCompile Include="src\graphics\renderer\imp\directx11\d3d11_shader_helper.cpp">
      <Filter>Source Files</Filter>
    </ClCompile>
    <ClCompile Include="src\graphics\renderer\imp\directx11\d3d11_shader_reflection.cpp">
      <Filter>Source Files\renderer\imp\directx11</Filter>
    </ClCompile>
    <ClCompile Include="src\graphics\renderer\imp\directx11\d3d11_texture2d.cpp">
      <Filter>Source Files\renderer\imp\directx11</Filter>
    </ClCompile>
    <ClCompile Include="src\graphics\renderer\imp\directx11\d3d11_vertex_shader.cpp">
      <Filter>Source Files\renderer\imp\directx11</Filter>
    </ClCompile>
    <ClCompile Include="src\graphics\renderer\imp\directx11\shader_typeinfo_manager.cpp">
      <Filter>Source Files\renderer\imp\directx11</Filter>
    </ClCompile>
    <ClCompile Include="src\graphics\renderer\imp\directx11\video_card_info.cpp">
      <Filter>Source Files\renderer\imp\directx11</Filter>
    </ClCompile>
    <ClCompile Include="src\graphics\renderer\resource.cpp">
      <Filter>Source Files\renderer</Filter>
    </ClCompile>
    <ClCompile Include="src\graphics\renderer\sampler.cpp">
      <Filter>Source Files</Filter>
    </ClCompile>
    <ClCompile Include="src\graphics\sprite.cpp">
      <Filter>Source Files</Filter>
    </ClCompile>
    <ClCompile Include="src\graphics\sprite_system.cpp">
      <Filter>Source Files</Filter>
    </ClCompile>
    <ClCompile Include="src\generate\generated_type_info.cpp">
      <Filter>Source Files</Filter>
    </ClCompile>
    <ClCompile Include="src\engine_program_imp\ui_demo.cpp">
      <Filter>Source Files</Filter>
    </ClCompile>
    <ClCompile Include="src\entity\entity_system.cpp">
      <Filter>Source Files</Filter>
    </ClCompile>
    <ClCompile Include="src\graphics\text.cpp">
      <Filter>Source Files</Filter>
    </ClCompile>
    <ClCompile Include="src\graphics\text_system.cpp">
      <Filter>Source Files</Filter>
    </ClCompile>
    <ClCompile Include="src\entity\component.cpp">
      <Filter>Source Files</Filter>
    </ClCompile>
  </ItemGroup>
  <ItemGroup>
    <None Include="test\streamout.gs" />
  </ItemGroup>
</Project>